
Microsoft Visual Studio Solution File, Format Version 12.00
# Visual Studio Version 17
VisualStudioVersion = 17.8.34511.84
MinimumVisualStudioVersion = 10.0.40219.1
Project("{FAE04EC0-301F-11D3-BF4B-00C04F79EFBC}") = "Pingfence", "Pingfence.csproj", "{F78B451E-42B8-4385-8D11-18309A2927C0}"
EndProject
Project("{2150E333-8FDC-42A3-9474-1A3956D46DE8}") = "Solution Items", "Solution Items", "{A6C91F06-917F-4DAD-821F-E3C7D69DBA77}"
	ProjectSection(SolutionItems) = preProject
		.editorconfig = .editorconfig
	EndProjectSection
EndProject
Global
	GlobalSection(SolutionConfigurationPlatforms) = preSolution
		Debug|Any CPU = Debug|Any CPU
		Release|Any CPU = Release|Any CPU
	EndGlobalSection
	GlobalSection(ProjectConfigurationPlatforms) = postSolution
		{F78B451E-42B8-4385-8D11-18309A2927C0}.Debug|Any CPU.ActiveCfg = Debug|Any CPU
		{F78B451E-42B8-4385-8D11-18309A2927C0}.Debug|Any CPU.Build.0 = Debug|Any CPU
		{F78B451E-42B8-4385-8D11-18309A2927C0}.Release|Any CPU.ActiveCfg = Release|Any CPU
		{F78B451E-42B8-4385-8D11-18309A2927C0}.Release|Any CPU.Build.0 = Release|Any CPU
	EndGlobalSection
	GlobalSection(SolutionProperties) = preSolution
		HideSolutionNode = FALSE
	EndGlobalSection
	GlobalSection(ExtensibilityGlobals) = postSolution
		SolutionGuid = {3E006B72-7DC7-42C7-A442-3DFA5F6003E7}
	EndGlobalSection
EndGlobal
